// !$*UTF8*$!
{
	archiveVersion = 1;
	classes = {
	};
	objectVersion = 56;
	objects = {

/* Begin PBXBuildFile section */
		712DD8172AFF4495000D7CAD /* UIColor+HexString.swift in Sources */ = {isa = PBXBuildFile; fileRef = 712DD8162AFF4495000D7CAD /* UIColor+HexString.swift */; };
		712E63412AB5458F00C9C16A /* CircleDrawView.swift in Sources */ = {isa = PBXBuildFile; fileRef = 712E63402AB5458F00C9C16A /* CircleDrawView.swift */; };
		712E63442AB545D500C9C16A /* CGFloat+.swift in Sources */ = {isa = PBXBuildFile; fileRef = 712E63432AB545D500C9C16A /* CGFloat+.swift */; };
		712E63462AB5460200C9C16A /* TimerFrameView.swift in Sources */ = {isa = PBXBuildFile; fileRef = 712E63452AB5460200C9C16A /* TimerFrameView.swift */; };
		712E63492AB6BFA800C9C16A /* TimerViewController+centreArcPerpendicular.swift in Sources */ = {isa = PBXBuildFile; fileRef = 712E63482AB6BFA800C9C16A /* TimerViewController+centreArcPerpendicular.swift */; };
		7145C0902AB104A3006138C0 /* TimerDIContainer.swift in Sources */ = {isa = PBXBuildFile; fileRef = 7145C08F2AB104A3006138C0 /* TimerDIContainer.swift */; };
		7145C0962AB10EA2006138C0 /* TimerViewController.swift in Sources */ = {isa = PBXBuildFile; fileRef = 7145C0952AB10EA2006138C0 /* TimerViewController.swift */; };
		7145C0982AB10EA8006138C0 /* TimerRepository.swift in Sources */ = {isa = PBXBuildFile; fileRef = 7145C0972AB10EA8006138C0 /* TimerRepository.swift */; };
		7145C09A2AB10EB2006138C0 /* TimerRepositoryType.swift in Sources */ = {isa = PBXBuildFile; fileRef = 7145C0992AB10EB2006138C0 /* TimerRepositoryType.swift */; };
		7145C09C2AB10EB9006138C0 /* TimerViewModel.swift in Sources */ = {isa = PBXBuildFile; fileRef = 7145C09B2AB10EB9006138C0 /* TimerViewModel.swift */; };
		7145C09E2AB10EC2006138C0 /* TimerCoordinator.swift in Sources */ = {isa = PBXBuildFile; fileRef = 7145C09D2AB10EC2006138C0 /* TimerCoordinator.swift */; };
		7145C0A02AB10ED0006138C0 /* TimerUseCase.swift in Sources */ = {isa = PBXBuildFile; fileRef = 7145C09F2AB10ED0006138C0 /* TimerUseCase.swift */; };
		7145C0A32AB10FCF006138C0 /* AppFlowCoordinator.swift in Sources */ = {isa = PBXBuildFile; fileRef = 7145C0A22AB10FCF006138C0 /* AppFlowCoordinator.swift */; };
		7145C0A52AB10FF4006138C0 /* AppDIContainer.swift in Sources */ = {isa = PBXBuildFile; fileRef = 7145C0A42AB10FF4006138C0 /* AppDIContainer.swift */; };
		71B5898E2A9E975D006DED3C /* AppDelegate.swift in Sources */ = {isa = PBXBuildFile; fileRef = 71B5898D2A9E975D006DED3C /* AppDelegate.swift */; };
		71B589902A9E975D006DED3C /* SceneDelegate.swift in Sources */ = {isa = PBXBuildFile; fileRef = 71B5898F2A9E975D006DED3C /* SceneDelegate.swift */; };
		71B589972A9E975E006DED3C /* Assets.xcassets in Resources */ = {isa = PBXBuildFile; fileRef = 71B589962A9E975E006DED3C /* Assets.xcassets */; };
		71B5899A2A9E975E006DED3C /* LaunchScreen.storyboard in Resources */ = {isa = PBXBuildFile; fileRef = 71B589982A9E975E006DED3C /* LaunchScreen.storyboard */; };
/* End PBXBuildFile section */

/* Begin PBXFileReference section */
		712DD8162AFF4495000D7CAD /* UIColor+HexString.swift */ = {isa = PBXFileReference; lastKnownFileType = sourcecode.swift; path = "UIColor+HexString.swift"; sourceTree = "<group>"; };
		712E63402AB5458F00C9C16A /* CircleDrawView.swift */ = {isa = PBXFileReference; lastKnownFileType = sourcecode.swift; path = CircleDrawView.swift; sourceTree = "<group>"; };
		712E63432AB545D500C9C16A /* CGFloat+.swift */ = {isa = PBXFileReference; lastKnownFileType = sourcecode.swift; path = "CGFloat+.swift"; sourceTree = "<group>"; };
		712E63452AB5460200C9C16A /* TimerFrameView.swift */ = {isa = PBXFileReference; lastKnownFileType = sourcecode.swift; path = TimerFrameView.swift; sourceTree = "<group>"; };
		712E63482AB6BFA800C9C16A /* TimerViewController+centreArcPerpendicular.swift */ = {isa = PBXFileReference; lastKnownFileType = sourcecode.swift; path = "TimerViewController+centreArcPerpendicular.swift"; sourceTree = "<group>"; };
		7145C08F2AB104A3006138C0 /* TimerDIContainer.swift */ = {isa = PBXFileReference; lastKnownFileType = sourcecode.swift; path = TimerDIContainer.swift; sourceTree = "<group>"; };
		7145C0952AB10EA2006138C0 /* TimerViewController.swift */ = {isa = PBXFileReference; lastKnownFileType = sourcecode.swift; path = TimerViewController.swift; sourceTree = "<group>"; };
		7145C0972AB10EA8006138C0 /* TimerRepository.swift */ = {isa = PBXFileReference; lastKnownFileType = sourcecode.swift; path = TimerRepository.swift; sourceTree = "<group>"; };
		7145C0992AB10EB2006138C0 /* TimerRepositoryType.swift */ = {isa = PBXFileReference; lastKnownFileType = sourcecode.swift; path = TimerRepositoryType.swift; sourceTree = "<group>"; };
		7145C09B2AB10EB9006138C0 /* TimerViewModel.swift */ = {isa = PBXFileReference; lastKnownFileType = sourcecode.swift; path = TimerViewModel.swift; sourceTree = "<group>"; };
		7145C09D2AB10EC2006138C0 /* TimerCoordinator.swift */ = {isa = PBXFileReference; lastKnownFileType = sourcecode.swift; path = TimerCoordinator.swift; sourceTree = "<group>"; };
		7145C09F2AB10ED0006138C0 /* TimerUseCase.swift */ = {isa = PBXFileReference; lastKnownFileType = sourcecode.swift; path = TimerUseCase.swift; sourceTree = "<group>"; };
		7145C0A22AB10FCF006138C0 /* AppFlowCoordinator.swift */ = {isa = PBXFileReference; lastKnownFileType = sourcecode.swift; path = AppFlowCoordinator.swift; sourceTree = "<group>"; };
		7145C0A42AB10FF4006138C0 /* AppDIContainer.swift */ = {isa = PBXFileReference; lastKnownFileType = sourcecode.swift; path = AppDIContainer.swift; sourceTree = "<group>"; };
		71B5898A2A9E975D006DED3C /* GetItDone.app */ = {isa = PBXFileReference; explicitFileType = wrapper.application; includeInIndex = 0; path = GetItDone.app; sourceTree = BUILT_PRODUCTS_DIR; };
		71B5898D2A9E975D006DED3C /* AppDelegate.swift */ = {isa = PBXFileReference; lastKnownFileType = sourcecode.swift; path = AppDelegate.swift; sourceTree = "<group>"; };
		71B5898F2A9E975D006DED3C /* SceneDelegate.swift */ = {isa = PBXFileReference; lastKnownFileType = sourcecode.swift; path = SceneDelegate.swift; sourceTree = "<group>"; };
		71B589962A9E975E006DED3C /* Assets.xcassets */ = {isa = PBXFileReference; lastKnownFileType = folder.assetcatalog; path = Assets.xcassets; sourceTree = "<group>"; };
		71B589992A9E975E006DED3C /* Base */ = {isa = PBXFileReference; lastKnownFileType = file.storyboard; name = Base; path = Base.lproj/LaunchScreen.storyboard; sourceTree = "<group>"; };
		71B5899B2A9E975E006DED3C /* Info.plist */ = {isa = PBXFileReference; lastKnownFileType = text.plist.xml; path = Info.plist; sourceTree = "<group>"; };
/* End PBXFileReference section */

/* Begin PBXFrameworksBuildPhase section */
		71B589872A9E975D006DED3C /* Frameworks */ = {
			isa = PBXFrameworksBuildPhase;
			buildActionMask = 2147483647;
			files = (
			);
			runOnlyForDeploymentPostprocessing = 0;
		};
/* End PBXFrameworksBuildPhase section */

/* Begin PBXGroup section */
		712E633E2AB5457800C9C16A /* Timer */ = {
			isa = PBXGroup;
			children = (
				7145C0952AB10EA2006138C0 /* TimerViewController.swift */,
				712E633F2AB5458500C9C16A /* Subviews */,
				712E63472AB6BF9E00C9C16A /* Extension */,
			);
			path = Timer;
			sourceTree = "<group>";
		};
		712E633F2AB5458500C9C16A /* Subviews */ = {
			isa = PBXGroup;
			children = (
				712E63402AB5458F00C9C16A /* CircleDrawView.swift */,
				712E63452AB5460200C9C16A /* TimerFrameView.swift */,
			);
			path = Subviews;
			sourceTree = "<group>";
		};
		712E63422AB545BD00C9C16A /* Extensions */ = {
			isa = PBXGroup;
			children = (
				712E63432AB545D500C9C16A /* CGFloat+.swift */,
			);
			path = Extensions;
			sourceTree = "<group>";
		};
		712E63472AB6BF9E00C9C16A /* Extension */ = {
			isa = PBXGroup;
			children = (
				712E63482AB6BFA800C9C16A /* TimerViewController+centreArcPerpendicular.swift */,
				712DD8162AFF4495000D7CAD /* UIColor+HexString.swift */,
			);
			path = Extension;
			sourceTree = "<group>";
		};
		7145C0912AB10E85006138C0 /* Domain */ = {
			isa = PBXGroup;
			children = (
				712E63422AB545BD00C9C16A /* Extensions */,
				7145C0992AB10EB2006138C0 /* TimerRepositoryType.swift */,
				7145C09F2AB10ED0006138C0 /* TimerUseCase.swift */,
			);
			path = Domain;
			sourceTree = "<group>";
		};
		7145C0922AB10E8A006138C0 /* Presentation */ = {
			isa = PBXGroup;
			children = (
				7145C09B2AB10EB9006138C0 /* TimerViewModel.swift */,
				7145C09D2AB10EC2006138C0 /* TimerCoordinator.swift */,
			);
			path = Presentation;
			sourceTree = "<group>";
		};
		7145C0932AB10E90006138C0 /* Data */ = {
			isa = PBXGroup;
			children = (
				7145C0972AB10EA8006138C0 /* TimerRepository.swift */,
			);
			path = Data;
			sourceTree = "<group>";
		};
		7145C0942AB10E96006138C0 /* UI */ = {
			isa = PBXGroup;
			children = (
				712E633E2AB5457800C9C16A /* Timer */,
			);
			path = UI;
			sourceTree = "<group>";
		};
		7145C0A12AB10F82006138C0 /* DIContainer */ = {
			isa = PBXGroup;
			children = (
				7145C08F2AB104A3006138C0 /* TimerDIContainer.swift */,
				7145C0A42AB10FF4006138C0 /* AppDIContainer.swift */,
			);
			path = DIContainer;
			sourceTree = "<group>";
		};
		7145C0A62AB11116006138C0 /* Application */ = {
			isa = PBXGroup;
			children = (
				71B5898D2A9E975D006DED3C /* AppDelegate.swift */,
				71B5898F2A9E975D006DED3C /* SceneDelegate.swift */,
				7145C0A22AB10FCF006138C0 /* AppFlowCoordinator.swift */,
			);
			path = Application;
			sourceTree = "<group>";
		};
		71B589812A9E975D006DED3C = {
			isa = PBXGroup;
			children = (
				71B5898C2A9E975D006DED3C /* GetItDone */,
				71B5898B2A9E975D006DED3C /* Products */,
			);
			sourceTree = "<group>";
		};
		71B5898B2A9E975D006DED3C /* Products */ = {
			isa = PBXGroup;
			children = (
				71B5898A2A9E975D006DED3C /* GetItDone.app */,
			);
			name = Products;
			sourceTree = "<group>";
		};
		71B5898C2A9E975D006DED3C /* GetItDone */ = {
			isa = PBXGroup;
			children = (
				7145C0A62AB11116006138C0 /* Application */,
				7145C0A12AB10F82006138C0 /* DIContainer */,
				7145C0942AB10E96006138C0 /* UI */,
				7145C0932AB10E90006138C0 /* Data */,
				7145C0922AB10E8A006138C0 /* Presentation */,
				7145C0912AB10E85006138C0 /* Domain */,
				71B589962A9E975E006DED3C /* Assets.xcassets */,
				71B589982A9E975E006DED3C /* LaunchScreen.storyboard */,
				71B5899B2A9E975E006DED3C /* Info.plist */,
			);
			path = GetItDone;
			sourceTree = "<group>";
		};
/* End PBXGroup section */

/* Begin PBXNativeTarget section */
		71B589892A9E975D006DED3C /* GetItDone */ = {
			isa = PBXNativeTarget;
			buildConfigurationList = 71B5899E2A9E975E006DED3C /* Build configuration list for PBXNativeTarget "GetItDone" */;
			buildPhases = (
				71B589862A9E975D006DED3C /* Sources */,
				71B589872A9E975D006DED3C /* Frameworks */,
				71B589882A9E975D006DED3C /* Resources */,
			);
			buildRules = (
			);
			dependencies = (
			);
			name = GetItDone;
			productName = GetItDone;
			productReference = 71B5898A2A9E975D006DED3C /* GetItDone.app */;
			productType = "com.apple.product-type.application";
		};
/* End PBXNativeTarget section */

/* Begin PBXProject section */
		71B589822A9E975D006DED3C /* Project object */ = {
			isa = PBXProject;
			attributes = {
				BuildIndependentTargetsInParallel = 1;
				LastSwiftUpdateCheck = 1430;
				LastUpgradeCheck = 1430;
				TargetAttributes = {
					71B589892A9E975D006DED3C = {
						CreatedOnToolsVersion = 14.3.1;
					};
				};
			};
			buildConfigurationList = 71B589852A9E975D006DED3C /* Build configuration list for PBXProject "GetItDone" */;
			compatibilityVersion = "Xcode 14.0";
			developmentRegion = en;
			hasScannedForEncodings = 0;
			knownRegions = (
				en,
				Base,
			);
			mainGroup = 71B589812A9E975D006DED3C;
			productRefGroup = 71B5898B2A9E975D006DED3C /* Products */;
			projectDirPath = "";
			projectRoot = "";
			targets = (
				71B589892A9E975D006DED3C /* GetItDone */,
			);
		};
/* End PBXProject section */

/* Begin PBXResourcesBuildPhase section */
		71B589882A9E975D006DED3C /* Resources */ = {
			isa = PBXResourcesBuildPhase;
			buildActionMask = 2147483647;
			files = (
				71B5899A2A9E975E006DED3C /* LaunchScreen.storyboard in Resources */,
				71B589972A9E975E006DED3C /* Assets.xcassets in Resources */,
			);
			runOnlyForDeploymentPostprocessing = 0;
		};
/* End PBXResourcesBuildPhase section */

/* Begin PBXSourcesBuildPhase section */
		71B589862A9E975D006DED3C /* Sources */ = {
			isa = PBXSourcesBuildPhase;
			buildActionMask = 2147483647;
			files = (
				7145C09A2AB10EB2006138C0 /* TimerRepositoryType.swift in Sources */,
				712E63412AB5458F00C9C16A /* CircleDrawView.swift in Sources */,
				7145C0A02AB10ED0006138C0 /* TimerUseCase.swift in Sources */,
				7145C0962AB10EA2006138C0 /* TimerViewController.swift in Sources */,
				7145C0982AB10EA8006138C0 /* TimerRepository.swift in Sources */,
				712E63442AB545D500C9C16A /* CGFloat+.swift in Sources */,
				712DD8172AFF4495000D7CAD /* UIColor+HexString.swift in Sources */,
				7145C09E2AB10EC2006138C0 /* TimerCoordinator.swift in Sources */,
				7145C0902AB104A3006138C0 /* TimerDIContainer.swift in Sources */,
				7145C09C2AB10EB9006138C0 /* TimerViewModel.swift in Sources */,
				7145C0A52AB10FF4006138C0 /* AppDIContainer.swift in Sources */,
				71B5898E2A9E975D006DED3C /* AppDelegate.swift in Sources */,
				7145C0A32AB10FCF006138C0 /* AppFlowCoordinator.swift in Sources */,
				712E63462AB5460200C9C16A /* TimerFrameView.swift in Sources */,
				71B589902A9E975D006DED3C /* SceneDelegate.swift in Sources */,
				712E63492AB6BFA800C9C16A /* TimerViewController+centreArcPerpendicular.swift in Sources */,
			);
			runOnlyForDeploymentPostprocessing = 0;
		};
/* End PBXSourcesBuildPhase section */

/* Begin PBXVariantGroup section */
		71B589982A9E975E006DED3C /* LaunchScreen.storyboard */ = {
			isa = PBXVariantGroup;
			children = (
				71B589992A9E975E006DED3C /* Base */,
			);
			name = LaunchScreen.storyboard;
			sourceTree = "<group>";
		};
/* End PBXVariantGroup section */

/* Begin XCBuildConfiguration section */
		71B5899C2A9E975E006DED3C /* Debug */ = {
			isa = XCBuildConfiguration;
			buildSettings = {
				ALWAYS_SEARCH_USER_PATHS = NO;
				CLANG_ANALYZER_NONNULL = YES;
				CLANG_ANALYZER_NUMBER_OBJECT_CONVERSION = YES_AGGRESSIVE;
				CLANG_CXX_LANGUAGE_STANDARD = "gnu++20";
				CLANG_ENABLE_MODULES = YES;
				CLANG_ENABLE_OBJC_ARC = YES;
				CLANG_ENABLE_OBJC_WEAK = YES;
				CLANG_WARN_BLOCK_CAPTURE_AUTORELEASING = YES;
				CLANG_WARN_BOOL_CONVERSION = YES;
				CLANG_WARN_COMMA = YES;
				CLANG_WARN_CONSTANT_CONVERSION = YES;
				CLANG_WARN_DEPRECATED_OBJC_IMPLEMENTATIONS = YES;
				CLANG_WARN_DIRECT_OBJC_ISA_USAGE = YES_ERROR;
				CLANG_WARN_DOCUMENTATION_COMMENTS = YES;
				CLANG_WARN_EMPTY_BODY = YES;
				CLANG_WARN_ENUM_CONVERSION = YES;
				CLANG_WARN_INFINITE_RECURSION = YES;
				CLANG_WARN_INT_CONVERSION = YES;
				CLANG_WARN_NON_LITERAL_NULL_CONVERSION = YES;
				CLANG_WARN_OBJC_IMPLICIT_RETAIN_SELF = YES;
				CLANG_WARN_OBJC_LITERAL_CONVERSION = YES;
				CLANG_WARN_OBJC_ROOT_CLASS = YES_ERROR;
				CLANG_WARN_QUOTED_INCLUDE_IN_FRAMEWORK_HEADER = YES;
				CLANG_WARN_RANGE_LOOP_ANALYSIS = YES;
				CLANG_WARN_STRICT_PROTOTYPES = YES;
				CLANG_WARN_SUSPICIOUS_MOVE = YES;
				CLANG_WARN_UNGUARDED_AVAILABILITY = YES_AGGRESSIVE;
				CLANG_WARN_UNREACHABLE_CODE = YES;
				CLANG_WARN__DUPLICATE_METHOD_MATCH = YES;
				COPY_PHASE_STRIP = NO;
				DEBUG_INFORMATION_FORMAT = dwarf;
				ENABLE_STRICT_OBJC_MSGSEND = YES;
				ENABLE_TESTABILITY = YES;
				GCC_C_LANGUAGE_STANDARD = gnu11;
				GCC_DYNAMIC_NO_PIC = NO;
				GCC_NO_COMMON_BLOCKS = YES;
				GCC_OPTIMIZATION_LEVEL = 0;
				GCC_PREPROCESSOR_DEFINITIONS = (
					"DEBUG=1",
					"$(inherited)",
				);
				GCC_WARN_64_TO_32_BIT_CONVERSION = YES;
				GCC_WARN_ABOUT_RETURN_TYPE = YES_ERROR;
				GCC_WARN_UNDECLARED_SELECTOR = YES;
				GCC_WARN_UNINITIALIZED_AUTOS = YES_AGGRESSIVE;
				GCC_WARN_UNUSED_FUNCTION = YES;
				GCC_WARN_UNUSED_VARIABLE = YES;
				IPHONEOS_DEPLOYMENT_TARGET = 16.4;
				MTL_ENABLE_DEBUG_INFO = INCLUDE_SOURCE;
				MTL_FAST_MATH = YES;
				ONLY_ACTIVE_ARCH = YES;
				SDKROOT = iphoneos;
				SWIFT_ACTIVE_COMPILATION_CONDITIONS = DEBUG;
				SWIFT_OPTIMIZATION_LEVEL = "-Onone";
			};
			name = Debug;
		};
		71B5899D2A9E975E006DED3C /* Release */ = {
			isa = XCBuildConfiguration;
			buildSettings = {
				ALWAYS_SEARCH_USER_PATHS = NO;
				CLANG_ANALYZER_NONNULL = YES;
				CLANG_ANALYZER_NUMBER_OBJECT_CONVERSION = YES_AGGRESSIVE;
				CLANG_CXX_LANGUAGE_STANDARD = "gnu++20";
				CLANG_ENABLE_MODULES = YES;
				CLANG_ENABLE_OBJC_ARC = YES;
				CLANG_ENABLE_OBJC_WEAK = YES;
				CLANG_WARN_BLOCK_CAPTURE_AUTORELEASING = YES;
				CLANG_WARN_BOOL_CONVERSION = YES;
				CLANG_WARN_COMMA = YES;
				CLANG_WARN_CONSTANT_CONVERSION = YES;
				CLANG_WARN_DEPRECATED_OBJC_IMPLEMENTATIONS = YES;
				CLANG_WARN_DIRECT_OBJC_ISA_USAGE = YES_ERROR;
				CLANG_WARN_DOCUMENTATION_COMMENTS = YES;
				CLANG_WARN_EMPTY_BODY = YES;
				CLANG_WARN_ENUM_CONVERSION = YES;
				CLANG_WARN_INFINITE_RECURSION = YES;
				CLANG_WARN_INT_CONVERSION = YES;
				CLANG_WARN_NON_LITERAL_NULL_CONVERSION = YES;
				CLANG_WARN_OBJC_IMPLICIT_RETAIN_SELF = YES;
				CLANG_WARN_OBJC_LITERAL_CONVERSION = YES;
				CLANG_WARN_OBJC_ROOT_CLASS = YES_ERROR;
				CLANG_WARN_QUOTED_INCLUDE_IN_FRAMEWORK_HEADER = YES;
				CLANG_WARN_RANGE_LOOP_ANALYSIS = YES;
				CLANG_WARN_STRICT_PROTOTYPES = YES;
				CLANG_WARN_SUSPICIOUS_MOVE = YES;
				CLANG_WARN_UNGUARDED_AVAILABILITY = YES_AGGRESSIVE;
				CLANG_WARN_UNREACHABLE_CODE = YES;
				CLANG_WARN__DUPLICATE_METHOD_MATCH = YES;
				COPY_PHASE_STRIP = NO;
				DEBUG_INFORMATION_FORMAT = "dwarf-with-dsym";
				ENABLE_NS_ASSERTIONS = NO;
				ENABLE_STRICT_OBJC_MSGSEND = YES;
				GCC_C_LANGUAGE_STANDARD = gnu11;
				GCC_NO_COMMON_BLOCKS = YES;
				GCC_WARN_64_TO_32_BIT_CONVERSION = YES;
				GCC_WARN_ABOUT_RETURN_TYPE = YES_ERROR;
				GCC_WARN_UNDECLARED_SELECTOR = YES;
				GCC_WARN_UNINITIALIZED_AUTOS = YES_AGGRESSIVE;
				GCC_WARN_UNUSED_FUNCTION = YES;
				GCC_WARN_UNUSED_VARIABLE = YES;
				IPHONEOS_DEPLOYMENT_TARGET = 16.4;
				MTL_ENABLE_DEBUG_INFO = NO;
				MTL_FAST_MATH = YES;
				SDKROOT = iphoneos;
				SWIFT_COMPILATION_MODE = wholemodule;
				SWIFT_OPTIMIZATION_LEVEL = "-O";
				VALIDATE_PRODUCT = YES;
			};
			name = Release;
		};
		71B5899F2A9E975E006DED3C /* Debug */ = {
			isa = XCBuildConfiguration;
			buildSettings = {
				ASSETCATALOG_COMPILER_APPICON_NAME = AppIcon;
				ASSETCATALOG_COMPILER_GLOBAL_ACCENT_COLOR_NAME = AccentColor;
				CODE_SIGN_STYLE = Automatic;
				CURRENT_PROJECT_VERSION = 1;
				DEVELOPMENT_TEAM = P3N3WN679X;
				GENERATE_INFOPLIST_FILE = YES;
				INFOPLIST_FILE = GetItDone/Info.plist;
				INFOPLIST_KEY_UIApplicationSupportsIndirectInputEvents = YES;
				INFOPLIST_KEY_UILaunchStoryboardName = LaunchScreen;
				INFOPLIST_KEY_UIMainStoryboardFile = "";
				INFOPLIST_KEY_UISupportedInterfaceOrientations_iPad = "UIInterfaceOrientationPortrait UIInterfaceOrientationPortraitUpsideDown UIInterfaceOrientationLandscapeLeft UIInterfaceOrientationLandscapeRight";
				INFOPLIST_KEY_UISupportedInterfaceOrientations_iPhone = "UIInterfaceOrientationPortrait UIInterfaceOrientationLandscapeLeft UIInterfaceOrientationLandscapeRight";
				LD_RUNPATH_SEARCH_PATHS = (
					"$(inherited)",
					"@executable_path/Frameworks",
				);
				MARKETING_VERSION = 1.0;
				PRODUCT_BUNDLE_IDENTIFIER = getitdone.GetItDone;
				PRODUCT_NAME = "$(TARGET_NAME)";
				SWIFT_EMIT_LOC_STRINGS = YES;
				SWIFT_VERSION = 5.0;
				TARGETED_DEVICE_FAMILY = "1,2";
			};
			name = Debug;
		};
		71B589A02A9E975E006DED3C /* Release */ = {
			isa = XCBuildConfiguration;
			buildSettings = {
				ASSETCATALOG_COMPILER_APPICON_NAME = AppIcon;
				ASSETCATALOG_COMPILER_GLOBAL_ACCENT_COLOR_NAME = AccentColor;
				CODE_SIGN_STYLE = Automatic;
				CURRENT_PROJECT_VERSION = 1;
				DEVELOPMENT_TEAM = P3N3WN679X;
				GENERATE_INFOPLIST_FILE = YES;
				INFOPLIST_FILE = GetItDone/Info.plist;
				INFOPLIST_KEY_UIApplicationSupportsIndirectInputEvents = YES;
				INFOPLIST_KEY_UILaunchStoryboardName = LaunchScreen;
				INFOPLIST_KEY_UIMainStoryboardFile = "";
				INFOPLIST_KEY_UISupportedInterfaceOrientations_iPad = "UIInterfaceOrientationPortrait UIInterfaceOrientationPortraitUpsideDown UIInterfaceOrientationLandscapeLeft UIInterfaceOrientationLandscapeRight";
				INFOPLIST_KEY_UISupportedInterfaceOrientations_iPhone = "UIInterfaceOrientationPortrait UIInterfaceOrientationLandscapeLeft UIInterfaceOrientationLandscapeRight";
				LD_RUNPATH_SEARCH_PATHS = (
					"$(inherited)",
					"@executable_path/Frameworks",
				);
				MARKETING_VERSION = 1.0;
				PRODUCT_BUNDLE_IDENTIFIER = getitdone.GetItDone;
				PRODUCT_NAME = "$(TARGET_NAME)";
				SWIFT_EMIT_LOC_STRINGS = YES;
				SWIFT_VERSION = 5.0;
				TARGETED_DEVICE_FAMILY = "1,2";
			};
			name = Release;
		};
/* End XCBuildConfiguration section */

/* Begin XCConfigurationList section */
		71B589852A9E975D006DED3C /* Build configuration list for PBXProject "GetItDone" */ = {
			isa = XCConfigurationList;
			buildConfigurations = (
				71B5899C2A9E975E006DED3C /* Debug */,
				71B5899D2A9E975E006DED3C /* Release */,
			);
			defaultConfigurationIsVisible = 0;
			defaultConfigurationName = Release;
		};
		71B5899E2A9E975E006DED3C /* Build configuration list for PBXNativeTarget "GetItDone" */ = {
			isa = XCConfigurationList;
			buildConfigurations = (
				71B5899F2A9E975E006DED3C /* Debug */,
				71B589A02A9E975E006DED3C /* Release */,
			);
			defaultConfigurationIsVisible = 0;
			defaultConfigurationName = Release;
		};
/* End XCConfigurationList section */
	};
	rootObject = 71B589822A9E975D006DED3C /* Project object */;
}
